// !$*UTF8*$!
{
	archiveVersion = 1;
	classes = {
	};
	objectVersion = 46;
	objects = {

/* Begin PBXBuildFile section */
		84C6E4501F6803CC002116CA /* main.m in Sources */ = {isa = PBXBuildFile; fileRef = 84C6E44F1F6803CC002116CA /* main.m */; };
		84C6E4531F6803CC002116CA /* AppDelegate.m in Sources */ = {isa = PBXBuildFile; fileRef = 84C6E4521F6803CC002116CA /* AppDelegate.m */; };
		84C6E4561F6803CC002116CA /* ViewController.m in Sources */ = {isa = PBXBuildFile; fileRef = 84C6E4551F6803CC002116CA /* ViewController.m */; };
		84C6E4591F6803CC002116CA /* Main.storyboard in Resources */ = {isa = PBXBuildFile; fileRef = 84C6E4571F6803CC002116CA /* Main.storyboard */; };
		84C6E45C1F6803CC002116CA /* ChineseChess.xcdatamodeld in Sources */ = {isa = PBXBuildFile; fileRef = 84C6E45A1F6803CC002116CA /* ChineseChess.xcdatamodeld */; };
		84C6E45E1F6803CC002116CA /* Assets.xcassets in Resources */ = {isa = PBXBuildFile; fileRef = 84C6E45D1F6803CC002116CA /* Assets.xcassets */; };
		84C6E4611F6803CC002116CA /* LaunchScreen.storyboard in Resources */ = {isa = PBXBuildFile; fileRef = 84C6E45F1F6803CC002116CA /* LaunchScreen.storyboard */; };
		84C6E46D1F68044D002116CA /* GlobalVariable.m in Sources */ = {isa = PBXBuildFile; fileRef = 84C6E46C1F68044D002116CA /* GlobalVariable.m */; };
		84C6E4721F68064E002116CA /* Board.m in Sources */ = {isa = PBXBuildFile; fileRef = 84C6E4711F68064E002116CA /* Board.m */; };
		84C6E4771F68066E002116CA /* ChessCell.m in Sources */ = {isa = PBXBuildFile; fileRef = 84C6E4761F68066E002116CA /* ChessCell.m */; };
/* End PBXBuildFile section */

/* Begin PBXFileReference section */
		84C6E44B1F6803CC002116CA /* ChineseChess.app */ = {isa = PBXFileReference; explicitFileType = wrapper.application; includeInIndex = 0; path = ChineseChess.app; sourceTree = BUILT_PRODUCTS_DIR; };
		84C6E44F1F6803CC002116CA /* main.m */ = {isa = PBXFileReference; lastKnownFileType = sourcecode.c.objc; path = main.m; sourceTree = "<group>"; };
		84C6E4511F6803CC002116CA /* AppDelegate.h */ = {isa = PBXFileReference; lastKnownFileType = sourcecode.c.h; path = AppDelegate.h; sourceTree = "<group>"; };
		84C6E4521F6803CC002116CA /* AppDelegate.m */ = {isa = PBXFileReference; lastKnownFileType = sourcecode.c.objc; path = AppDelegate.m; sourceTree = "<group>"; };
		84C6E4541F6803CC002116CA /* ViewController.h */ = {isa = PBXFileReference; lastKnownFileType = sourcecode.c.h; path = ViewController.h; sourceTree = "<group>"; };
		84C6E4551F6803CC002116CA /* ViewController.m */ = {isa = PBXFileReference; lastKnownFileType = sourcecode.c.objc; path = ViewController.m; sourceTree = "<group>"; };
		84C6E4581F6803CC002116CA /* Base */ = {isa = PBXFileReference; lastKnownFileType = file.storyboard; name = Base; path = Base.lproj/Main.storyboard; sourceTree = "<group>"; };
		84C6E45B1F6803CC002116CA /* ChineseChess.xcdatamodel */ = {isa = PBXFileReference; lastKnownFileType = wrapper.xcdatamodel; path = ChineseChess.xcdatamodel; sourceTree = "<group>"; };
		84C6E45D1F6803CC002116CA /* Assets.xcassets */ = {isa = PBXFileReference; lastKnownFileType = folder.assetcatalog; path = Assets.xcassets; sourceTree = "<group>"; };
		84C6E4601F6803CC002116CA /* Base */ = {isa = PBXFileReference; lastKnownFileType = file.storyboard; name = Base; path = Base.lproj/LaunchScreen.storyboard; sourceTree = "<group>"; };
		84C6E4621F6803CC002116CA /* Info.plist */ = {isa = PBXFileReference; lastKnownFileType = text.plist.xml; path = Info.plist; sourceTree = "<group>"; };
		84C6E4691F680408002116CA /* COMMON.h */ = {isa = PBXFileReference; lastKnownFileType = sourcecode.c.h; path = COMMON.h; sourceTree = "<group>"; };
		84C6E46B1F68044D002116CA /* GlobalVariable.h */ = {isa = PBXFileReference; fileEncoding = 4; lastKnownFileType = sourcecode.c.h; path = GlobalVariable.h; sourceTree = "<group>"; };
		84C6E46C1F68044D002116CA /* GlobalVariable.m */ = {isa = PBXFileReference; fileEncoding = 4; lastKnownFileType = sourcecode.c.objc; path = GlobalVariable.m; sourceTree = "<group>"; };
		84C6E46E1F68047A002116CA /* PrefixHeader.pch */ = {isa = PBXFileReference; lastKnownFileType = sourcecode.c.h; path = PrefixHeader.pch; sourceTree = "<group>"; };
		84C6E4701F68064E002116CA /* Board.h */ = {isa = PBXFileReference; fileEncoding = 4; lastKnownFileType = sourcecode.c.h; path = Board.h; sourceTree = "<group>"; };
		84C6E4711F68064E002116CA /* Board.m */ = {isa = PBXFileReference; fileEncoding = 4; lastKnownFileType = sourcecode.c.objc; path = Board.m; sourceTree = "<group>"; };
		84C6E4751F68066E002116CA /* ChessCell.h */ = {isa = PBXFileReference; fileEncoding = 4; lastKnownFileType = sourcecode.c.h; path = ChessCell.h; sourceTree = "<group>"; };
		84C6E4761F68066E002116CA /* ChessCell.m */ = {isa = PBXFileReference; fileEncoding = 4; lastKnownFileType = sourcecode.c.objc; path = ChessCell.m; sourceTree = "<group>"; };
/* End PBXFileReference section */

/* Begin PBXFrameworksBuildPhase section */
		84C6E4481F6803CC002116CA /* Frameworks */ = {
			isa = PBXFrameworksBuildPhase;
			buildActionMask = 2147483647;
			files = (
			);
			runOnlyForDeploymentPostprocessing = 0;
		};
/* End PBXFrameworksBuildPhase section */

/* Begin PBXGroup section */
		84C6E4421F6803CC002116CA = {
			isa = PBXGroup;
			children = (
				84C6E44D1F6803CC002116CA /* ChineseChess */,
				84C6E44C1F6803CC002116CA /* Products */,
			);
			sourceTree = "<group>";
		};
		84C6E44C1F6803CC002116CA /* Products */ = {
			isa = PBXGroup;
			children = (
				84C6E44B1F6803CC002116CA /* ChineseChess.app */,
			);
			name = Products;
			sourceTree = "<group>";
		};
		84C6E44D1F6803CC002116CA /* ChineseChess */ = {
			isa = PBXGroup;
			children = (
				84C6E4781F680767002116CA /* Views */,
				84C6E46F1F680632002116CA /* Module */,
				84C6E46A1F680412002116CA /* GlobalVariable */,
				84C6E4681F6803DC002116CA /* Common */,
				84C6E4511F6803CC002116CA /* AppDelegate.h */,
				84C6E4521F6803CC002116CA /* AppDelegate.m */,
				84C6E4571F6803CC002116CA /* Main.storyboard */,
				84C6E45D1F6803CC002116CA /* Assets.xcassets */,
				84C6E45F1F6803CC002116CA /* LaunchScreen.storyboard */,
				84C6E4621F6803CC002116CA /* Info.plist */,
				84C6E45A1F6803CC002116CA /* ChineseChess.xcdatamodeld */,
				84C6E44E1F6803CC002116CA /* Supporting Files */,
			);
			path = ChineseChess;
			sourceTree = "<group>";
		};
		84C6E44E1F6803CC002116CA /* Supporting Files */ = {
			isa = PBXGroup;
			children = (
				84C6E44F1F6803CC002116CA /* main.m */,
				84C6E46E1F68047A002116CA /* PrefixHeader.pch */,
			);
			name = "Supporting Files";
			sourceTree = "<group>";
		};
		84C6E4681F6803DC002116CA /* Common */ = {
			isa = PBXGroup;
			children = (
				84C6E4691F680408002116CA /* COMMON.h */,
			);
			name = Common;
			sourceTree = "<group>";
		};
		84C6E46A1F680412002116CA /* GlobalVariable */ = {
			isa = PBXGroup;
			children = (
				84C6E46B1F68044D002116CA /* GlobalVariable.h */,
				84C6E46C1F68044D002116CA /* GlobalVariable.m */,
			);
			name = GlobalVariable;
			sourceTree = "<group>";
		};
		84C6E46F1F680632002116CA /* Module */ = {
			isa = PBXGroup;
			children = (
				84C6E4741F68065D002116CA /* ChessCell */,
				84C6E4731F680652002116CA /* Board */,
			);
			name = Module;
			sourceTree = "<group>";
		};
		84C6E4731F680652002116CA /* Board */ = {
			isa = PBXGroup;
			children = (
				84C6E4701F68064E002116CA /* Board.h */,
				84C6E4711F68064E002116CA /* Board.m */,
			);
			name = Board;
			sourceTree = "<group>";
		};
		84C6E4741F68065D002116CA /* ChessCell */ = {
			isa = PBXGroup;
			children = (
				84C6E4751F68066E002116CA /* ChessCell.h */,
				84C6E4761F68066E002116CA /* ChessCell.m */,
			);
			name = ChessCell;
			sourceTree = "<group>";
		};
		84C6E4781F680767002116CA /* Views */ = {
			isa = PBXGroup;
			children = (
				84C6E4541F6803CC002116CA /* ViewController.h */,
				84C6E4551F6803CC002116CA /* ViewController.m */,
			);
			name = Views;
			sourceTree = "<group>";
		};
/* End PBXGroup section */

/* Begin PBXNativeTarget section */
		84C6E44A1F6803CC002116CA /* ChineseChess */ = {
			isa = PBXNativeTarget;
			buildConfigurationList = 84C6E4651F6803CC002116CA /* Build configuration list for PBXNativeTarget "ChineseChess" */;
			buildPhases = (
				84C6E4471F6803CC002116CA /* Sources */,
				84C6E4481F6803CC002116CA /* Frameworks */,
				84C6E4491F6803CC002116CA /* Resources */,
			);
			buildRules = (
			);
			dependencies = (
			);
			name = ChineseChess;
			productName = ChineseChess;
			productReference = 84C6E44B1F6803CC002116CA /* ChineseChess.app */;
			productType = "com.apple.product-type.application";
		};
/* End PBXNativeTarget section */

/* Begin PBXProject section */
		84C6E4431F6803CC002116CA /* Project object */ = {
			isa = PBXProject;
			attributes = {
				LastUpgradeCheck = 0830;
				ORGANIZATIONNAME = Admin;
				TargetAttributes = {
					84C6E44A1F6803CC002116CA = {
						CreatedOnToolsVersion = 8.3.3;
						DevelopmentTeam = MHMKQ53K33;
						ProvisioningStyle = Automatic;
					};
				};
			};
			buildConfigurationList = 84C6E4461F6803CC002116CA /* Build configuration list for PBXProject "ChineseChess" */;
			compatibilityVersion = "Xcode 3.2";
			developmentRegion = English;
			hasScannedForEncodings = 0;
			knownRegions = (
				en,
				Base,
			);
			mainGroup = 84C6E4421F6803CC002116CA;
			productRefGroup = 84C6E44C1F6803CC002116CA /* Products */;
			projectDirPath = "";
			projectRoot = "";
			targets = (
				84C6E44A1F6803CC002116CA /* ChineseChess */,
			);
		};
/* End PBXProject section */

/* Begin PBXResourcesBuildPhase section */
		84C6E4491F6803CC002116CA /* Resources */ = {
			isa = PBXResourcesBuildPhase;
			buildActionMask = 2147483647;
			files = (
				84C6E4611F6803CC002116CA /* LaunchScreen.storyboard in Resources */,
				84C6E45E1F6803CC002116CA /* Assets.xcassets in Resources */,
				84C6E4591F6803CC002116CA /* Main.storyboard in Resources */,
			);
			runOnlyForDeploymentPostprocessing = 0;
		};
/* End PBXResourcesBuildPhase section */

/* Begin PBXSourcesBuildPhase section */
		84C6E4471F6803CC002116CA /* Sources */ = {
			isa = PBXSourcesBuildPhase;
			buildActionMask = 2147483647;
			files = (
				84C6E4721F68064E002116CA /* Board.m in Sources */,
				84C6E4561F6803CC002116CA /* ViewController.m in Sources */,
				84C6E4531F6803CC002116CA /* AppDelegate.m in Sources */,
				84C6E4771F68066E002116CA /* ChessCell.m in Sources */,
				84C6E45C1F6803CC002116CA /* ChineseChess.xcdatamodeld in Sources */,
				84C6E46D1F68044D002116CA /* GlobalVariable.m in Sources */,
				84C6E4501F6803CC002116CA /* main.m in Sources */,
			);
			runOnlyForDeploymentPostprocessing = 0;
		};
/* End PBXSourcesBuildPhase section */

/* Begin PBXVariantGroup section */
		84C6E4571F6803CC002116CA /* Main.storyboard */ = {
			isa = PBXVariantGroup;
			children = (
				84C6E4581F6803CC002116CA /* Base */,
			);
			name = Main.storyboard;
			sourceTree = "<group>";
		};
		84C6E45F1F6803CC002116CA /* LaunchScreen.storyboard */ = {
			isa = PBXVariantGroup;
			children = (
				84C6E4601F6803CC002116CA /* Base */,
			);
			name = LaunchScreen.storyboard;
			sourceTree = "<group>";
		};
/* End PBXVariantGroup section */

/* Begin XCBuildConfiguration section */
		84C6E4631F6803CC002116CA /* Debug */ = {
			isa = XCBuildConfiguration;
			buildSettings = {
				ALWAYS_SEARCH_USER_PATHS = NO;
				CLANG_ANALYZER_NONNULL = YES;
				CLANG_ANALYZER_NUMBER_OBJECT_CONVERSION = YES_AGGRESSIVE;
				CLANG_CXX_LANGUAGE_STANDARD = "gnu++0x";
				CLANG_CXX_LIBRARY = "libc++";
				CLANG_ENABLE_MODULES = YES;
				CLANG_ENABLE_OBJC_ARC = YES;
				CLANG_WARN_BOOL_CONVERSION = YES;
				CLANG_WARN_CONSTANT_CONVERSION = YES;
				CLANG_WARN_DIRECT_OBJC_ISA_USAGE = YES_ERROR;
				CLANG_WARN_DOCUMENTATION_COMMENTS = YES;
				CLANG_WARN_EMPTY_BODY = YES;
				CLANG_WARN_ENUM_CONVERSION = YES;
				CLANG_WARN_INFINITE_RECURSION = YES;
				CLANG_WARN_INT_CONVERSION = YES;
				CLANG_WARN_OBJC_ROOT_CLASS = YES_ERROR;
				CLANG_WARN_SUSPICIOUS_MOVE = YES;
				CLANG_WARN_UNREACHABLE_CODE = YES;
				CLANG_WARN__DUPLICATE_METHOD_MATCH = YES;
				"CODE_SIGN_IDENTITY[sdk=iphoneos*]" = "iPhone Developer";
				COPY_PHASE_STRIP = NO;
				DEBUG_INFORMATION_FORMAT = dwarf;
				ENABLE_STRICT_OBJC_MSGSEND = YES;
				ENABLE_TESTABILITY = YES;
				GCC_C_LANGUAGE_STANDARD = gnu99;
				GCC_DYNAMIC_NO_PIC = NO;
				GCC_NO_COMMON_BLOCKS = YES;
				GCC_OPTIMIZATION_LEVEL = 0;
				GCC_PREPROCESSOR_DEFINITIONS = (
					"DEBUG=1",
					"$(inherited)",
				);
				GCC_WARN_64_TO_32_BIT_CONVERSION = YES;
				GCC_WARN_ABOUT_RETURN_TYPE = YES_ERROR;
				GCC_WARN_UNDECLARED_SELECTOR = YES;
				GCC_WARN_UNINITIALIZED_AUTOS = YES_AGGRESSIVE;
				GCC_WARN_UNUSED_FUNCTION = YES;
				GCC_WARN_UNUSED_VARIABLE = YES;
				IPHONEOS_DEPLOYMENT_TARGET = 10.3;
				MTL_ENABLE_DEBUG_INFO = YES;
				ONLY_ACTIVE_ARCH = YES;
				SDKROOT = iphoneos;
				TARGETED_DEVICE_FAMILY = "1,2";
			};
			name = Debug;
		};
		84C6E4641F6803CC002116CA /* Release */ = {
			isa = XCBuildConfiguration;
			buildSettings = {
				ALWAYS_SEARCH_USER_PATHS = NO;
				CLANG_ANALYZER_NONNULL = YES;
				CLANG_ANALYZER_NUMBER_OBJECT_CONVERSION = YES_AGGRESSIVE;
				CLANG_CXX_LANGUAGE_STANDARD = "gnu++0x";
				CLANG_CXX_LIBRARY = "libc++";
				CLANG_ENABLE_MODULES = YES;
				CLANG_ENABLE_OBJC_ARC = YES;
				CLANG_WARN_BOOL_CONVERSION = YES;
				CLANG_WARN_CONSTANT_CONVERSION = YES;
				CLANG_WARN_DIRECT_OBJC_ISA_USAGE = YES_ERROR;
				CLANG_WARN_DOCUMENTATION_COMMENTS = YES;
				CLANG_WARN_EMPTY_BODY = YES;
				CLANG_WARN_ENUM_CONVERSION = YES;
				CLANG_WARN_INFINITE_RECURSION = YES;
				CLANG_WARN_INT_CONVERSION = YES;
				CLANG_WARN_OBJC_ROOT_CLASS = YES_ERROR;
				CLANG_WARN_SUSPICIOUS_MOVE = YES;
				CLANG_WARN_UNREACHABLE_CODE = YES;
				CLANG_WARN__DUPLICATE_METHOD_MATCH = YES;
				"CODE_SIGN_IDENTITY[sdk=iphoneos*]" = "iPhone Developer";
				COPY_PHASE_STRIP = NO;
				DEBUG_INFORMATION_FORMAT = "dwarf-with-dsym";
				ENABLE_NS_ASSERTIONS = NO;
				ENABLE_STRICT_OBJC_MSGSEND = YES;
				GCC_C_LANGUAGE_STANDARD = gnu99;
				GCC_NO_COMMON_BLOCKS = YES;
				GCC_WARN_64_TO_32_BIT_CONVERSION = YES;
				GCC_WARN_ABOUT_RETURN_TYPE = YES_ERROR;
				GCC_WARN_UNDECLARED_SELECTOR = YES;
				GCC_WARN_UNINITIALIZED_AUTOS = YES_AGGRESSIVE;
				GCC_WARN_UNUSED_FUNCTION = YES;
				GCC_WARN_UNUSED_VARIABLE = YES;
				IPHONEOS_DEPLOYMENT_TARGET = 10.3;
				MTL_ENABLE_DEBUG_INFO = NO;
				SDKROOT = iphoneos;
				TARGETED_DEVICE_FAMILY = "1,2";
				VALIDATE_PRODUCT = YES;
			};
			name = Release;
		};
		84C6E4661F6803CC002116CA /* Debug */ = {
			isa = XCBuildConfiguration;
			buildSettings = {
				ASSETCATALOG_COMPILER_APPICON_NAME = AppIcon;
				DEVELOPMENT_TEAM = MHMKQ53K33;
				INFOPLIST_FILE = ChineseChess/Info.plist;
				LD_RUNPATH_SEARCH_PATHS = "$(inherited) @executable_path/Frameworks";
				PRODUCT_BUNDLE_IDENTIFIER = ddthanh.ChineseChess;
				PRODUCT_NAME = "$(TARGET_NAME)";
			};
			name = Debug;
		};
		84C6E4671F6803CC002116CA /* Release */ = {
			isa = XCBuildConfiguration;
			buildSettings = {
				ASSETCATALOG_COMPILER_APPICON_NAME = AppIcon;
				DEVELOPMENT_TEAM = MHMKQ53K33;
				INFOPLIST_FILE = ChineseChess/Info.plist;
				LD_RUNPATH_SEARCH_PATHS = "$(inherited) @executable_path/Frameworks";
				PRODUCT_BUNDLE_IDENTIFIER = ddthanh.ChineseChess;
				PRODUCT_NAME = "$(TARGET_NAME)";
			};
			name = Release;
		};
/* End XCBuildConfiguration section */

/* Begin XCConfigurationList section */
		84C6E4461F6803CC002116CA /* Build configuration list for PBXProject "ChineseChess" */ = {
			isa = XCConfigurationList;
			buildConfigurations = (
				84C6E4631F6803CC002116CA /* Debug */,
				84C6E4641F6803CC002116CA /* Release */,
			);
			defaultConfigurationIsVisible = 0;
			defaultConfigurationName = Release;
		};
		84C6E4651F6803CC002116CA /* Build configuration list for PBXNativeTarget "ChineseChess" */ = {
			isa = XCConfigurationList;
			buildConfigurations = (
				84C6E4661F6803CC002116CA /* Debug */,
				84C6E4671F6803CC002116CA /* Release */,
			);
			defaultConfigurationIsVisible = 0;
		};
/* End XCConfigurationList section */

/* Begin XCVersionGroup section */
		84C6E45A1F6803CC002116CA /* ChineseChess.xcdatamodeld */ = {
			isa = XCVersionGroup;
			children = (
				84C6E45B1F6803CC002116CA /* ChineseChess.xcdatamodel */,
			);
			currentVersion = 84C6E45B1F6803CC002116CA /* ChineseChess.xcdatamodel */;
			path = ChineseChess.xcdatamodeld;
			sourceTree = "<group>";
			versionGroupType = wrapper.xcdatamodel;
		};
/* End XCVersionGroup section */
	};
	rootObject = 84C6E4431F6803CC002116CA /* Project object */;
}
